
Microsoft Visual Studio Solution File, Format Version 12.00
# Visual Studio 15
VisualStudioVersion = 15.0.28307.852
MinimumVisualStudioVersion = 10.0.40219.1
Project("{8BC9CEB8-8B4A-11D0-8D11-00A0C91BC942}") = "CANOpenMaster_Stm32f407", "CANOpenMaster_Stm32f407\CANOpenMaster_Stm32f407.vcxproj", "{5225C119-4E96-4AD1-8348-A715C9C3437C}"
EndProject
Global
	GlobalSection(SolutionConfigurationPlatforms) = preSolution
		Debug|VisualGDB = Debug|VisualGDB
		Release|VisualGDB = Release|VisualGDB
	EndGlobalSection
	GlobalSection(ProjectConfigurationPlatforms) = postSolution
		{5225C119-4E96-4AD1-8348-A715C9C3437C}.Debug|VisualGDB.ActiveCfg = Debug|VisualGDB
		{5225C119-4E96-4AD1-8348-A715C9C3437C}.Debug|VisualGDB.Build.0 = Debug|VisualGDB
		{5225C119-4E96-4AD1-8348-A715C9C3437C}.Release|VisualGDB.ActiveCfg = Release|VisualGDB
		{5225C119-4E96-4AD1-8348-A715C9C3437C}.Release|VisualGDB.Build.0 = Release|VisualGDB
	EndGlobalSection
	GlobalSection(SolutionProperties) = preSolution
		HideSolutionNode = FALSE
	EndGlobalSection
	GlobalSection(ExtensibilityGlobals) = postSolution
		SolutionGuid = {F68CA1F2-A484-48E4-B056-841210737176}
	EndGlobalSection
EndGlobal
